
Microsoft Visual Studio Solution File, Format Version 12.00
Project("{FAE04EC0-301F-11D3-BF4B-00C04F79EFBC}") = "Reshebnik.Web", "Reshebnik.Web.csproj", "{762F0FB6-03A5-46C4-B85C-52183B30F3FD}"
EndProject
Project("{FAE04EC0-301F-11D3-BF4B-00C04F79EFBC}") = "Reshebnik.Domain", "Reshebnik.Domain\Reshebnik.Domain.csproj", "{EFEC4241-B0F4-4929-B356-BE893CDE028B}"
EndProject
Project("{FAE04EC0-301F-11D3-BF4B-00C04F79EFBC}") = "Reshebnik.EntityFramework", "Reshebnik.EntityFramework\Reshebnik.EntityFramework.csproj", "{F6596C6A-D742-421C-8FA9-9B46FBBA81E2}"
EndProject
Project("{FAE04EC0-301F-11D3-BF4B-00C04F79EFBC}") = "Reshebnik.Handlers", "Reshebnik.Handlers\Reshebnik.Handlers.csproj", "{0DB8DDDC-91EF-4D74-BA3E-FE284586057C}"
EndProject
Project("{FAE04EC0-301F-11D3-BF4B-00C04F79EFBC}") = "Reshebnik.Clickhouse", "Reshebnik.Clickhouse\Reshebnik.Clickhouse.csproj", "{90E05647-AEB8-447E-8E3E-C84495037F95}"
EndProject
Global
	GlobalSection(SolutionConfigurationPlatforms) = preSolution
		Debug|Any CPU = Debug|Any CPU
		Release|Any CPU = Release|Any CPU
	EndGlobalSection
	GlobalSection(ProjectConfigurationPlatforms) = postSolution
		{762F0FB6-03A5-46C4-B85C-52183B30F3FD}.Debug|Any CPU.ActiveCfg = Debug|Any CPU
		{762F0FB6-03A5-46C4-B85C-52183B30F3FD}.Debug|Any CPU.Build.0 = Debug|Any CPU
		{762F0FB6-03A5-46C4-B85C-52183B30F3FD}.Release|Any CPU.ActiveCfg = Release|Any CPU
		{762F0FB6-03A5-46C4-B85C-52183B30F3FD}.Release|Any CPU.Build.0 = Release|Any CPU
		{EFEC4241-B0F4-4929-B356-BE893CDE028B}.Debug|Any CPU.ActiveCfg = Debug|Any CPU
		{EFEC4241-B0F4-4929-B356-BE893CDE028B}.Debug|Any CPU.Build.0 = Debug|Any CPU
		{EFEC4241-B0F4-4929-B356-BE893CDE028B}.Release|Any CPU.ActiveCfg = Release|Any CPU
		{EFEC4241-B0F4-4929-B356-BE893CDE028B}.Release|Any CPU.Build.0 = Release|Any CPU
		{F6596C6A-D742-421C-8FA9-9B46FBBA81E2}.Debug|Any CPU.ActiveCfg = Debug|Any CPU
		{F6596C6A-D742-421C-8FA9-9B46FBBA81E2}.Debug|Any CPU.Build.0 = Debug|Any CPU
		{F6596C6A-D742-421C-8FA9-9B46FBBA81E2}.Release|Any CPU.ActiveCfg = Release|Any CPU
		{F6596C6A-D742-421C-8FA9-9B46FBBA81E2}.Release|Any CPU.Build.0 = Release|Any CPU
		{0DB8DDDC-91EF-4D74-BA3E-FE284586057C}.Debug|Any CPU.ActiveCfg = Debug|Any CPU
		{0DB8DDDC-91EF-4D74-BA3E-FE284586057C}.Debug|Any CPU.Build.0 = Debug|Any CPU
		{0DB8DDDC-91EF-4D74-BA3E-FE284586057C}.Release|Any CPU.ActiveCfg = Release|Any CPU
		{0DB8DDDC-91EF-4D74-BA3E-FE284586057C}.Release|Any CPU.Build.0 = Release|Any CPU
		{90E05647-AEB8-447E-8E3E-C84495037F95}.Debug|Any CPU.ActiveCfg = Debug|Any CPU
		{90E05647-AEB8-447E-8E3E-C84495037F95}.Debug|Any CPU.Build.0 = Debug|Any CPU
		{90E05647-AEB8-447E-8E3E-C84495037F95}.Release|Any CPU.ActiveCfg = Release|Any CPU
		{90E05647-AEB8-447E-8E3E-C84495037F95}.Release|Any CPU.Build.0 = Release|Any CPU
	EndGlobalSection
EndGlobal
